
Microsoft Visual Studio Solution File, Format Version 12.00
# Visual Studio Version 16
VisualStudioVersion = 16.0.28922.388
MinimumVisualStudioVersion = 10.0.40219.1
Project("{FAE04EC0-301F-11D3-BF4B-00C04F79EFBC}") = "LanceSpawnerDebugTool", "LanceSpawnerDebugTool.csproj", "{1F6BBD9D-CF84-46D1-8951-75B8CDDF2BE2}"
EndProject
Global
	GlobalSection(SolutionConfigurationPlatforms) = preSolution
		Release|Any CPU = Release|Any CPU
	EndGlobalSection
	GlobalSection(ProjectConfigurationPlatforms) = postSolution
		{1F6BBD9D-CF84-46D1-8951-75B8CDDF2BE2}.Release|Any CPU.ActiveCfg = Release|Any CPU
		{1F6BBD9D-CF84-46D1-8951-75B8CDDF2BE2}.Release|Any CPU.Build.0 = Release|Any CPU
	EndGlobalSection
	GlobalSection(SolutionProperties) = preSolution
		HideSolutionNode = FALSE
	EndGlobalSection
	GlobalSection(ExtensibilityGlobals) = postSolution
		SolutionGuid = {0BA91929-5350-4321-965B-1C9539FB2123}
	EndGlobalSection
EndGlobal
